
Microsoft Visual Studio Solution File, Format Version 12.00
# Visual Studio Version 17
VisualStudioVersion = 17.10.34928.147
MinimumVisualStudioVersion = 10.0.40219.1
Project("{9A19103F-16F7-4668-BE54-9A1E7A4F7556}") = "CSRemoteLog4net", "CSRemoteLog4net.csproj", "{402C126D-4403-4B4E-8DE4-BD4AB95FEA97}"
EndProject
Project("{9A19103F-16F7-4668-BE54-9A1E7A4F7556}") = "TestClient", "TestClient\TestClient.csproj", "{2B5471F6-24B3-4DC7-BADF-0D5AA803DC3B}"
EndProject
Global
	GlobalSection(SolutionConfigurationPlatforms) = preSolution
		Debug|Any CPU = Debug|Any CPU
		Release|Any CPU = Release|Any CPU
	EndGlobalSection
	GlobalSection(ProjectConfigurationPlatforms) = postSolution
		{402C126D-4403-4B4E-8DE4-BD4AB95FEA97}.Debug|Any CPU.ActiveCfg = Debug|Any CPU
		{402C126D-4403-4B4E-8DE4-BD4AB95FEA97}.Debug|Any CPU.Build.0 = Debug|Any CPU
		{402C126D-4403-4B4E-8DE4-BD4AB95FEA97}.Release|Any CPU.ActiveCfg = Release|Any CPU
		{402C126D-4403-4B4E-8DE4-BD4AB95FEA97}.Release|Any CPU.Build.0 = Release|Any CPU
		{2B5471F6-24B3-4DC7-BADF-0D5AA803DC3B}.Debug|Any CPU.ActiveCfg = Debug|Any CPU
		{2B5471F6-24B3-4DC7-BADF-0D5AA803DC3B}.Debug|Any CPU.Build.0 = Debug|Any CPU
		{2B5471F6-24B3-4DC7-BADF-0D5AA803DC3B}.Release|Any CPU.ActiveCfg = Release|Any CPU
		{2B5471F6-24B3-4DC7-BADF-0D5AA803DC3B}.Release|Any CPU.Build.0 = Release|Any CPU
	EndGlobalSection
	GlobalSection(SolutionProperties) = preSolution
		HideSolutionNode = FALSE
	EndGlobalSection
	GlobalSection(ExtensibilityGlobals) = postSolution
		SolutionGuid = {922C694D-7D9F-47DA-A350-645B61F3B29C}
	EndGlobalSection
EndGlobal
